
Microsoft Visual Studio Solution File, Format Version 12.00
# Visual Studio Version 16
VisualStudioVersion = 16.0.29709.97
MinimumVisualStudioVersion = 10.0.40219.1
Project("{FAE04EC0-301F-11D3-BF4B-00C04F79EFBC}") = "BigScreen", "BigScreen\BigScreen.csproj", "{DD4FF9D8-F57D-4DCC-8365-1AF42B153749}"
EndProject
Global
	GlobalSection(SolutionConfigurationPlatforms) = preSolution
		Debug|Any CPU = Debug|Any CPU
		Release|Any CPU = Release|Any CPU
	EndGlobalSection
	GlobalSection(ProjectConfigurationPlatforms) = postSolution
		{DD4FF9D8-F57D-4DCC-8365-1AF42B153749}.Debug|Any CPU.ActiveCfg = Debug|Any CPU
		{DD4FF9D8-F57D-4DCC-8365-1AF42B153749}.Debug|Any CPU.Build.0 = Debug|Any CPU
		{DD4FF9D8-F57D-4DCC-8365-1AF42B153749}.Release|Any CPU.ActiveCfg = Release|Any CPU
		{DD4FF9D8-F57D-4DCC-8365-1AF42B153749}.Release|Any CPU.Build.0 = Release|Any CPU
	EndGlobalSection
	GlobalSection(SolutionProperties) = preSolution
		HideSolutionNode = FALSE
	EndGlobalSection
	GlobalSection(ExtensibilityGlobals) = postSolution
		SolutionGuid = {85211371-B29E-4EE6-8BD8-73D6DF9FD39C}
	EndGlobalSection
EndGlobal
